{
  "version": 4,
  "terraform_version": "1.0.10",
  "serial": 1,
  "lineage": "be428ce1-f96e-ab17-6670-809614fec3be",
  "outputs": {},
  "resources": [
    {
      "mode": "managed",
      "type": "vault_generic_secret",
      "name": "customerloan",
      "provider": "provider[\"registry.terraform.io/hashicorp/vault\"]",
      "instances": [
        {
          "schema_version": 1,
          "attributes": {
            "data": {
              "database": "{\"host\":\"172.17.8.220\",\"password\":\"secr3t!\",\"username\":\"microservicio\"}"
            },
            "data_json": "{\"database\":{\"host\":\"172.17.8.220\",\"password\":\"secr3t!\",\"username\":\"microservicio\"}}",
            "delete_all_versions": false,
            "disable_read": false,
            "id": "secret/customerloan/dev",
            "namespace": null,
            "path": "secret/customerloan/dev"
          },
          "sensitive_attributes": [],
          "private": "eyJzY2hlbWFfdmVyc2lvbiI6IjEifQ=="
        }
      ]
    }
  ]
}
